// !$*UTF8*$!
{
	archiveVersion = 1;
	classes = {
	};
	objectVersion = 56;
	objects = {

/* Begin PBXBuildFile section */
		841FFB0E2C58FE8F006296D4 /* PopularMovieView.swift in Sources */ = {isa = PBXBuildFile; fileRef = 841FFB0D2C58FE8F006296D4 /* PopularMovieView.swift */; };
		841FFB102C58FF11006296D4 /* PopularMovieModel.swift in Sources */ = {isa = PBXBuildFile; fileRef = 841FFB0F2C58FF11006296D4 /* PopularMovieModel.swift */; };
		841FFB122C590476006296D4 /* PopularMovieCell.swift in Sources */ = {isa = PBXBuildFile; fileRef = 841FFB112C590476006296D4 /* PopularMovieCell.swift */; };
		841FFB162C590821006296D4 /* UpcomingMovieModel.swift in Sources */ = {isa = PBXBuildFile; fileRef = 841FFB152C590821006296D4 /* UpcomingMovieModel.swift */; };
		841FFB182C59097A006296D4 /* UpcomingMovieView.swift in Sources */ = {isa = PBXBuildFile; fileRef = 841FFB172C59097A006296D4 /* UpcomingMovieView.swift */; };
		841FFB1A2C590A0A006296D4 /* UpcomingMovieCell.swift in Sources */ = {isa = PBXBuildFile; fileRef = 841FFB192C590A0A006296D4 /* UpcomingMovieCell.swift */; };
		841FFB1E2C59114C006296D4 /* TopRatedMovieModel.swift in Sources */ = {isa = PBXBuildFile; fileRef = 841FFB1D2C59114C006296D4 /* TopRatedMovieModel.swift */; };
		841FFB202C591356006296D4 /* TopRatedMovieView.swift in Sources */ = {isa = PBXBuildFile; fileRef = 841FFB1F2C591356006296D4 /* TopRatedMovieView.swift */; };
		841FFB222C591465006296D4 /* TopRatedMovieCell.swift in Sources */ = {isa = PBXBuildFile; fileRef = 841FFB212C591465006296D4 /* TopRatedMovieCell.swift */; };
		841FFB242C591597006296D4 /* PopularActorsModel.swift in Sources */ = {isa = PBXBuildFile; fileRef = 841FFB232C591597006296D4 /* PopularActorsModel.swift */; };
		841FFB262C5917BB006296D4 /* PopularActorView.swift in Sources */ = {isa = PBXBuildFile; fileRef = 841FFB252C5917BB006296D4 /* PopularActorView.swift */; };
		841FFB282C591826006296D4 /* PopularActorCell.swift in Sources */ = {isa = PBXBuildFile; fileRef = 841FFB272C591826006296D4 /* PopularActorCell.swift */; };
		841FFB2A2C591D84006296D4 /* FilterView .swift in Sources */ = {isa = PBXBuildFile; fileRef = 841FFB292C591D84006296D4 /* FilterView .swift */; };
		84616DD02C52E37400FF7466 /* MovieDBAppApp.swift in Sources */ = {isa = PBXBuildFile; fileRef = 84616DCF2C52E37400FF7466 /* MovieDBAppApp.swift */; };
		84616DD22C52E37400FF7466 /* MainView.swift in Sources */ = {isa = PBXBuildFile; fileRef = 84616DD12C52E37400FF7466 /* MainView.swift */; };
		84616DD42C52E37500FF7466 /* Assets.xcassets in Resources */ = {isa = PBXBuildFile; fileRef = 84616DD32C52E37500FF7466 /* Assets.xcassets */; };
		84616DD72C52E37500FF7466 /* Preview Assets.xcassets in Resources */ = {isa = PBXBuildFile; fileRef = 84616DD62C52E37500FF7466 /* Preview Assets.xcassets */; };
		84AE27F92C595F8900F0686A /* NowPlayingDetailView.swift in Sources */ = {isa = PBXBuildFile; fileRef = 84AE27F82C595F8900F0686A /* NowPlayingDetailView.swift */; };
		84AE27FB2C59782A00F0686A /* PopularMovieDetailView.swift in Sources */ = {isa = PBXBuildFile; fileRef = 84AE27FA2C59782A00F0686A /* PopularMovieDetailView.swift */; };
		84AE27FD2C5978F500F0686A /* UpcomingMovieDetailView.swift in Sources */ = {isa = PBXBuildFile; fileRef = 84AE27FC2C5978F500F0686A /* UpcomingMovieDetailView.swift */; };
		84AE27FF2C5979F500F0686A /* TopRatedDetailView.swift in Sources */ = {isa = PBXBuildFile; fileRef = 84AE27FE2C5979F500F0686A /* TopRatedDetailView.swift */; };
		84AE28012C597A6A00F0686A /* PopularActorDetailView.swift in Sources */ = {isa = PBXBuildFile; fileRef = 84AE28002C597A6A00F0686A /* PopularActorDetailView.swift */; };
		84EDE79D2C54026D00481D2E /* SDWebImageSwiftUI in Frameworks */ = {isa = PBXBuildFile; productRef = 84EDE79C2C54026D00481D2E /* SDWebImageSwiftUI */; };
		84EDE79F2C54029300481D2E /* ImageLoader.swift in Sources */ = {isa = PBXBuildFile; fileRef = 84EDE79E2C54029300481D2E /* ImageLoader.swift */; };
		84EDE7A12C54033300481D2E /* Constants.swift in Sources */ = {isa = PBXBuildFile; fileRef = 84EDE7A02C54033300481D2E /* Constants.swift */; };
		84EDE7A72C54098B00481D2E /* LatestMovieView.swift in Sources */ = {isa = PBXBuildFile; fileRef = 84EDE7A62C54098B00481D2E /* LatestMovieView.swift */; };
		84EDE7A92C540BC900481D2E /* LatestMovieCell.swift in Sources */ = {isa = PBXBuildFile; fileRef = 84EDE7A82C540BC900481D2E /* LatestMovieCell.swift */; };
		84EDE7AD2C54102F00481D2E /* MovieDBViewModel.swift in Sources */ = {isa = PBXBuildFile; fileRef = 84EDE7AC2C54102F00481D2E /* MovieDBViewModel.swift */; };
		84EDE7AF2C54106B00481D2E /* TrendingMovieModel.swift in Sources */ = {isa = PBXBuildFile; fileRef = 84EDE7AE2C54106B00481D2E /* TrendingMovieModel.swift */; };
		84EDE7B12C541B0800481D2E /* HeaderView.swift in Sources */ = {isa = PBXBuildFile; fileRef = 84EDE7B02C541B0800481D2E /* HeaderView.swift */; };
		C1BA45562C5BC2580092197D /* LatestSeriesView.swift in Sources */ = {isa = PBXBuildFile; fileRef = C1BA45552C5BC2570092197D /* LatestSeriesView.swift */; };
		C1BA45582C5BC2600092197D /* PopularSeriesView.swift in Sources */ = {isa = PBXBuildFile; fileRef = C1BA45572C5BC2600092197D /* PopularSeriesView.swift */; };
		C1BA455A2C5BC26F0092197D /* TopRatedSeriesView.swift in Sources */ = {isa = PBXBuildFile; fileRef = C1BA45592C5BC26F0092197D /* TopRatedSeriesView.swift */; };
		C1BA455C2C5BC3050092197D /* TrendingSeriesView.swift in Sources */ = {isa = PBXBuildFile; fileRef = C1BA455B2C5BC3050092197D /* TrendingSeriesView.swift */; };
/* End PBXBuildFile section */

/* Begin PBXFileReference section */
		841FFB0D2C58FE8F006296D4 /* PopularMovieView.swift */ = {isa = PBXFileReference; lastKnownFileType = sourcecode.swift; path = PopularMovieView.swift; sourceTree = "<group>"; };
		841FFB0F2C58FF11006296D4 /* PopularMovieModel.swift */ = {isa = PBXFileReference; lastKnownFileType = sourcecode.swift; path = PopularMovieModel.swift; sourceTree = "<group>"; };
		841FFB112C590476006296D4 /* PopularMovieCell.swift */ = {isa = PBXFileReference; lastKnownFileType = sourcecode.swift; path = PopularMovieCell.swift; sourceTree = "<group>"; };
		841FFB152C590821006296D4 /* UpcomingMovieModel.swift */ = {isa = PBXFileReference; lastKnownFileType = sourcecode.swift; path = UpcomingMovieModel.swift; sourceTree = "<group>"; };
		841FFB172C59097A006296D4 /* UpcomingMovieView.swift */ = {isa = PBXFileReference; lastKnownFileType = sourcecode.swift; path = UpcomingMovieView.swift; sourceTree = "<group>"; };
		841FFB192C590A0A006296D4 /* UpcomingMovieCell.swift */ = {isa = PBXFileReference; lastKnownFileType = sourcecode.swift; path = UpcomingMovieCell.swift; sourceTree = "<group>"; };
		841FFB1D2C59114C006296D4 /* TopRatedMovieModel.swift */ = {isa = PBXFileReference; lastKnownFileType = sourcecode.swift; path = TopRatedMovieModel.swift; sourceTree = "<group>"; };
		841FFB1F2C591356006296D4 /* TopRatedMovieView.swift */ = {isa = PBXFileReference; lastKnownFileType = sourcecode.swift; path = TopRatedMovieView.swift; sourceTree = "<group>"; };
		841FFB212C591465006296D4 /* TopRatedMovieCell.swift */ = {isa = PBXFileReference; lastKnownFileType = sourcecode.swift; path = TopRatedMovieCell.swift; sourceTree = "<group>"; };
		841FFB232C591597006296D4 /* PopularActorsModel.swift */ = {isa = PBXFileReference; lastKnownFileType = sourcecode.swift; path = PopularActorsModel.swift; sourceTree = "<group>"; };
		841FFB252C5917BB006296D4 /* PopularActorView.swift */ = {isa = PBXFileReference; lastKnownFileType = sourcecode.swift; path = PopularActorView.swift; sourceTree = "<group>"; };
		841FFB272C591826006296D4 /* PopularActorCell.swift */ = {isa = PBXFileReference; lastKnownFileType = sourcecode.swift; path = PopularActorCell.swift; sourceTree = "<group>"; };
		841FFB292C591D84006296D4 /* FilterView .swift */ = {isa = PBXFileReference; lastKnownFileType = sourcecode.swift; path = "FilterView .swift"; sourceTree = "<group>"; };
		84616DCC2C52E37400FF7466 /* MovieDBApp.app */ = {isa = PBXFileReference; explicitFileType = wrapper.application; includeInIndex = 0; path = MovieDBApp.app; sourceTree = BUILT_PRODUCTS_DIR; };
		84616DCF2C52E37400FF7466 /* MovieDBAppApp.swift */ = {isa = PBXFileReference; lastKnownFileType = sourcecode.swift; path = MovieDBAppApp.swift; sourceTree = "<group>"; };
		84616DD12C52E37400FF7466 /* MainView.swift */ = {isa = PBXFileReference; lastKnownFileType = sourcecode.swift; path = MainView.swift; sourceTree = "<group>"; };
		84616DD32C52E37500FF7466 /* Assets.xcassets */ = {isa = PBXFileReference; lastKnownFileType = folder.assetcatalog; path = Assets.xcassets; sourceTree = "<group>"; };
		84616DD62C52E37500FF7466 /* Preview Assets.xcassets */ = {isa = PBXFileReference; lastKnownFileType = folder.assetcatalog; path = "Preview Assets.xcassets"; sourceTree = "<group>"; };
		84AE27F82C595F8900F0686A /* NowPlayingDetailView.swift */ = {isa = PBXFileReference; lastKnownFileType = sourcecode.swift; path = NowPlayingDetailView.swift; sourceTree = "<group>"; };
		84AE27FA2C59782A00F0686A /* PopularMovieDetailView.swift */ = {isa = PBXFileReference; lastKnownFileType = sourcecode.swift; path = PopularMovieDetailView.swift; sourceTree = "<group>"; };
		84AE27FC2C5978F500F0686A /* UpcomingMovieDetailView.swift */ = {isa = PBXFileReference; lastKnownFileType = sourcecode.swift; path = UpcomingMovieDetailView.swift; sourceTree = "<group>"; };
		84AE27FE2C5979F500F0686A /* TopRatedDetailView.swift */ = {isa = PBXFileReference; lastKnownFileType = sourcecode.swift; path = TopRatedDetailView.swift; sourceTree = "<group>"; };
		84AE28002C597A6A00F0686A /* PopularActorDetailView.swift */ = {isa = PBXFileReference; lastKnownFileType = sourcecode.swift; path = PopularActorDetailView.swift; sourceTree = "<group>"; };
		84EDE79E2C54029300481D2E /* ImageLoader.swift */ = {isa = PBXFileReference; lastKnownFileType = sourcecode.swift; path = ImageLoader.swift; sourceTree = "<group>"; };
		84EDE7A02C54033300481D2E /* Constants.swift */ = {isa = PBXFileReference; lastKnownFileType = sourcecode.swift; path = Constants.swift; sourceTree = "<group>"; };
		84EDE7A62C54098B00481D2E /* LatestMovieView.swift */ = {isa = PBXFileReference; lastKnownFileType = sourcecode.swift; path = LatestMovieView.swift; sourceTree = "<group>"; };
		84EDE7A82C540BC900481D2E /* LatestMovieCell.swift */ = {isa = PBXFileReference; lastKnownFileType = sourcecode.swift; path = LatestMovieCell.swift; sourceTree = "<group>"; };
		84EDE7AC2C54102F00481D2E /* MovieDBViewModel.swift */ = {isa = PBXFileReference; lastKnownFileType = sourcecode.swift; path = MovieDBViewModel.swift; sourceTree = "<group>"; };
		84EDE7AE2C54106B00481D2E /* TrendingMovieModel.swift */ = {isa = PBXFileReference; lastKnownFileType = sourcecode.swift; path = TrendingMovieModel.swift; sourceTree = "<group>"; };
		84EDE7B02C541B0800481D2E /* HeaderView.swift */ = {isa = PBXFileReference; lastKnownFileType = sourcecode.swift; path = HeaderView.swift; sourceTree = "<group>"; };
		C1BA45552C5BC2570092197D /* LatestSeriesView.swift */ = {isa = PBXFileReference; lastKnownFileType = sourcecode.swift; path = LatestSeriesView.swift; sourceTree = "<group>"; };
		C1BA45572C5BC2600092197D /* PopularSeriesView.swift */ = {isa = PBXFileReference; lastKnownFileType = sourcecode.swift; path = PopularSeriesView.swift; sourceTree = "<group>"; };
		C1BA45592C5BC26F0092197D /* TopRatedSeriesView.swift */ = {isa = PBXFileReference; lastKnownFileType = sourcecode.swift; path = TopRatedSeriesView.swift; sourceTree = "<group>"; };
		C1BA455B2C5BC3050092197D /* TrendingSeriesView.swift */ = {isa = PBXFileReference; lastKnownFileType = sourcecode.swift; path = TrendingSeriesView.swift; sourceTree = "<group>"; };
/* End PBXFileReference section */

/* Begin PBXFrameworksBuildPhase section */
		84616DC92C52E37400FF7466 /* Frameworks */ = {
			isa = PBXFrameworksBuildPhase;
			buildActionMask = 2147483647;
			files = (
				84EDE79D2C54026D00481D2E /* SDWebImageSwiftUI in Frameworks */,
			);
			runOnlyForDeploymentPostprocessing = 0;
		};
/* End PBXFrameworksBuildPhase section */

/* Begin PBXGroup section */
		84616DC32C52E37400FF7466 = {
			isa = PBXGroup;
			children = (
				84616DCE2C52E37400FF7466 /* MovieDBApp */,
				84616DCD2C52E37400FF7466 /* Products */,
			);
			sourceTree = "<group>";
		};
		84616DCD2C52E37400FF7466 /* Products */ = {
			isa = PBXGroup;
			children = (
				84616DCC2C52E37400FF7466 /* MovieDBApp.app */,
			);
			name = Products;
			sourceTree = "<group>";
		};
		84616DCE2C52E37400FF7466 /* MovieDBApp */ = {
			isa = PBXGroup;
			children = (
				84EDE7A52C54094F00481D2E /* Constants */,
				84EDE7A42C54094000481D2E /* ViewModels */,
				84EDE7A32C54093900481D2E /* Model */,
				84EDE7A22C54093200481D2E /* Screens */,
				84616DCF2C52E37400FF7466 /* MovieDBAppApp.swift */,
				84616DD32C52E37500FF7466 /* Assets.xcassets */,
				84616DD52C52E37500FF7466 /* Preview Content */,
			);
			path = MovieDBApp;
			sourceTree = "<group>";
		};
		84616DD52C52E37500FF7466 /* Preview Content */ = {
			isa = PBXGroup;
			children = (
				84616DD62C52E37500FF7466 /* Preview Assets.xcassets */,
			);
			path = "Preview Content";
			sourceTree = "<group>";
		};
		84AE27F72C595F4100F0686A /* DetailScreens */ = {
			isa = PBXGroup;
			children = (
				84AE27F82C595F8900F0686A /* NowPlayingDetailView.swift */,
				84AE27FA2C59782A00F0686A /* PopularMovieDetailView.swift */,
				84AE27FC2C5978F500F0686A /* UpcomingMovieDetailView.swift */,
				84AE27FE2C5979F500F0686A /* TopRatedDetailView.swift */,
				84AE28002C597A6A00F0686A /* PopularActorDetailView.swift */,
			);
			path = DetailScreens;
			sourceTree = "<group>";
		};
		84EDE7A22C54093200481D2E /* Screens */ = {
			isa = PBXGroup;
			children = (
				C1BA45542C5BC1B90092197D /* SeriesScreens */,
				C1BA45532C5BC1A80092197D /* Main */,
				C1BA45522C5BC1600092197D /* MovieScreens */,
				C1BA45512C5BC1560092197D /* Components */,
				84AE27F72C595F4100F0686A /* DetailScreens */,
			);
			path = Screens;
			sourceTree = "<group>";
		};
		84EDE7A32C54093900481D2E /* Model */ = {
			isa = PBXGroup;
			children = (
				84EDE7AE2C54106B00481D2E /* TrendingMovieModel.swift */,
				841FFB0F2C58FF11006296D4 /* PopularMovieModel.swift */,
				841FFB152C590821006296D4 /* UpcomingMovieModel.swift */,
				841FFB1D2C59114C006296D4 /* TopRatedMovieModel.swift */,
				841FFB232C591597006296D4 /* PopularActorsModel.swift */,
			);
			path = Model;
			sourceTree = "<group>";
		};
		84EDE7A42C54094000481D2E /* ViewModels */ = {
			isa = PBXGroup;
			children = (
				84EDE7AC2C54102F00481D2E /* MovieDBViewModel.swift */,
			);
			path = ViewModels;
			sourceTree = "<group>";
		};
		84EDE7A52C54094F00481D2E /* Constants */ = {
			isa = PBXGroup;
			children = (
				84EDE79E2C54029300481D2E /* ImageLoader.swift */,
				84EDE7A02C54033300481D2E /* Constants.swift */,
			);
			path = Constants;
			sourceTree = "<group>";
		};
		C1BA45512C5BC1560092197D /* Components */ = {
			isa = PBXGroup;
			children = (
				841FFB292C591D84006296D4 /* FilterView .swift */,
				84EDE7B02C541B0800481D2E /* HeaderView.swift */,
				84EDE7A82C540BC900481D2E /* LatestMovieCell.swift */,
				841FFB192C590A0A006296D4 /* UpcomingMovieCell.swift */,
				841FFB112C590476006296D4 /* PopularMovieCell.swift */,
				841FFB212C591465006296D4 /* TopRatedMovieCell.swift */,
				841FFB272C591826006296D4 /* PopularActorCell.swift */,
			);
			path = Components;
			sourceTree = "<group>";
		};
		C1BA45522C5BC1600092197D /* MovieScreens */ = {
			isa = PBXGroup;
			children = (
				84EDE7A62C54098B00481D2E /* LatestMovieView.swift */,
				841FFB0D2C58FE8F006296D4 /* PopularMovieView.swift */,
				841FFB172C59097A006296D4 /* UpcomingMovieView.swift */,
				841FFB1F2C591356006296D4 /* TopRatedMovieView.swift */,
				841FFB252C5917BB006296D4 /* PopularActorView.swift */,
			);
			path = MovieScreens;
			sourceTree = "<group>";
		};
		C1BA45532C5BC1A80092197D /* Main */ = {
			isa = PBXGroup;
			children = (
				84616DD12C52E37400FF7466 /* MainView.swift */,
			);
			path = Main;
			sourceTree = "<group>";
		};
		C1BA45542C5BC1B90092197D /* SeriesScreens */ = {
			isa = PBXGroup;
			children = (
				C1BA45552C5BC2570092197D /* LatestSeriesView.swift */,
				C1BA45572C5BC2600092197D /* PopularSeriesView.swift */,
				C1BA45592C5BC26F0092197D /* TopRatedSeriesView.swift */,
				C1BA455B2C5BC3050092197D /* TrendingSeriesView.swift */,
			);
			path = SeriesScreens;
			sourceTree = "<group>";
		};
/* End PBXGroup section */

/* Begin PBXNativeTarget section */
		84616DCB2C52E37400FF7466 /* MovieDBApp */ = {
			isa = PBXNativeTarget;
			buildConfigurationList = 84616DDA2C52E37500FF7466 /* Build configuration list for PBXNativeTarget "MovieDBApp" */;
			buildPhases = (
				84616DC82C52E37400FF7466 /* Sources */,
				84616DC92C52E37400FF7466 /* Frameworks */,
				84616DCA2C52E37400FF7466 /* Resources */,
			);
			buildRules = (
			);
			dependencies = (
			);
			name = MovieDBApp;
			packageProductDependencies = (
				84EDE79C2C54026D00481D2E /* SDWebImageSwiftUI */,
			);
			productName = MovieDBApp;
			productReference = 84616DCC2C52E37400FF7466 /* MovieDBApp.app */;
			productType = "com.apple.product-type.application";
		};
/* End PBXNativeTarget section */

/* Begin PBXProject section */
		84616DC42C52E37400FF7466 /* Project object */ = {
			isa = PBXProject;
			attributes = {
				BuildIndependentTargetsInParallel = 1;
				LastSwiftUpdateCheck = 1540;
				LastUpgradeCheck = 1540;
				TargetAttributes = {
					84616DCB2C52E37400FF7466 = {
						CreatedOnToolsVersion = 15.4;
					};
				};
			};
			buildConfigurationList = 84616DC72C52E37400FF7466 /* Build configuration list for PBXProject "MovieDBApp" */;
			compatibilityVersion = "Xcode 14.0";
			developmentRegion = en;
			hasScannedForEncodings = 0;
			knownRegions = (
				en,
				Base,
			);
			mainGroup = 84616DC32C52E37400FF7466;
			packageReferences = (
				84EDE79B2C54026D00481D2E /* XCRemoteSwiftPackageReference "SDWebImageSwiftUI" */,
			);
			productRefGroup = 84616DCD2C52E37400FF7466 /* Products */;
			projectDirPath = "";
			projectRoot = "";
			targets = (
				84616DCB2C52E37400FF7466 /* MovieDBApp */,
			);
		};
/* End PBXProject section */

/* Begin PBXResourcesBuildPhase section */
		84616DCA2C52E37400FF7466 /* Resources */ = {
			isa = PBXResourcesBuildPhase;
			buildActionMask = 2147483647;
			files = (
				84616DD72C52E37500FF7466 /* Preview Assets.xcassets in Resources */,
				84616DD42C52E37500FF7466 /* Assets.xcassets in Resources */,
			);
			runOnlyForDeploymentPostprocessing = 0;
		};
/* End PBXResourcesBuildPhase section */

/* Begin PBXSourcesBuildPhase section */
		84616DC82C52E37400FF7466 /* Sources */ = {
			isa = PBXSourcesBuildPhase;
			buildActionMask = 2147483647;
			files = (
				84AE28012C597A6A00F0686A /* PopularActorDetailView.swift in Sources */,
				84AE27FB2C59782A00F0686A /* PopularMovieDetailView.swift in Sources */,
				841FFB262C5917BB006296D4 /* PopularActorView.swift in Sources */,
				84AE27F92C595F8900F0686A /* NowPlayingDetailView.swift in Sources */,
				C1BA45582C5BC2600092197D /* PopularSeriesView.swift in Sources */,
				841FFB122C590476006296D4 /* PopularMovieCell.swift in Sources */,
				841FFB282C591826006296D4 /* PopularActorCell.swift in Sources */,
				84EDE7AD2C54102F00481D2E /* MovieDBViewModel.swift in Sources */,
				C1BA455A2C5BC26F0092197D /* TopRatedSeriesView.swift in Sources */,
				84EDE7B12C541B0800481D2E /* HeaderView.swift in Sources */,
				841FFB2A2C591D84006296D4 /* FilterView .swift in Sources */,
				84616DD22C52E37400FF7466 /* MainView.swift in Sources */,
				84EDE7A92C540BC900481D2E /* LatestMovieCell.swift in Sources */,
				841FFB222C591465006296D4 /* TopRatedMovieCell.swift in Sources */,
				C1BA45562C5BC2580092197D /* LatestSeriesView.swift in Sources */,
				841FFB242C591597006296D4 /* PopularActorsModel.swift in Sources */,
				84AE27FD2C5978F500F0686A /* UpcomingMovieDetailView.swift in Sources */,
				841FFB202C591356006296D4 /* TopRatedMovieView.swift in Sources */,
				84616DD02C52E37400FF7466 /* MovieDBAppApp.swift in Sources */,
				84EDE79F2C54029300481D2E /* ImageLoader.swift in Sources */,
				841FFB1E2C59114C006296D4 /* TopRatedMovieModel.swift in Sources */,
				841FFB182C59097A006296D4 /* UpcomingMovieView.swift in Sources */,
				84AE27FF2C5979F500F0686A /* TopRatedDetailView.swift in Sources */,
				84EDE7A72C54098B00481D2E /* LatestMovieView.swift in Sources */,
				841FFB0E2C58FE8F006296D4 /* PopularMovieView.swift in Sources */,
				841FFB102C58FF11006296D4 /* PopularMovieModel.swift in Sources */,
				84EDE7A12C54033300481D2E /* Constants.swift in Sources */,
				841FFB162C590821006296D4 /* UpcomingMovieModel.swift in Sources */,
				84EDE7AF2C54106B00481D2E /* TrendingMovieModel.swift in Sources */,
				C1BA455C2C5BC3050092197D /* TrendingSeriesView.swift in Sources */,
				841FFB1A2C590A0A006296D4 /* UpcomingMovieCell.swift in Sources */,
			);
			runOnlyForDeploymentPostprocessing = 0;
		};
/* End PBXSourcesBuildPhase section */

/* Begin XCBuildConfiguration section */
		84616DD82C52E37500FF7466 /* Debug */ = {
			isa = XCBuildConfiguration;
			buildSettings = {
				ALWAYS_SEARCH_USER_PATHS = NO;
				ASSETCATALOG_COMPILER_GENERATE_SWIFT_ASSET_SYMBOL_EXTENSIONS = YES;
				CLANG_ANALYZER_NONNULL = YES;
				CLANG_ANALYZER_NUMBER_OBJECT_CONVERSION = YES_AGGRESSIVE;
				CLANG_CXX_LANGUAGE_STANDARD = "gnu++20";
				CLANG_ENABLE_MODULES = YES;
				CLANG_ENABLE_OBJC_ARC = YES;
				CLANG_ENABLE_OBJC_WEAK = YES;
				CLANG_WARN_BLOCK_CAPTURE_AUTORELEASING = YES;
				CLANG_WARN_BOOL_CONVERSION = YES;
				CLANG_WARN_COMMA = YES;
				CLANG_WARN_CONSTANT_CONVERSION = YES;
				CLANG_WARN_DEPRECATED_OBJC_IMPLEMENTATIONS = YES;
				CLANG_WARN_DIRECT_OBJC_ISA_USAGE = YES_ERROR;
				CLANG_WARN_DOCUMENTATION_COMMENTS = YES;
				CLANG_WARN_EMPTY_BODY = YES;
				CLANG_WARN_ENUM_CONVERSION = YES;
				CLANG_WARN_INFINITE_RECURSION = YES;
				CLANG_WARN_INT_CONVERSION = YES;
				CLANG_WARN_NON_LITERAL_NULL_CONVERSION = YES;
				CLANG_WARN_OBJC_IMPLICIT_RETAIN_SELF = YES;
				CLANG_WARN_OBJC_LITERAL_CONVERSION = YES;
				CLANG_WARN_OBJC_ROOT_CLASS = YES_ERROR;
				CLANG_WARN_QUOTED_INCLUDE_IN_FRAMEWORK_HEADER = YES;
				CLANG_WARN_RANGE_LOOP_ANALYSIS = YES;
				CLANG_WARN_STRICT_PROTOTYPES = YES;
				CLANG_WARN_SUSPICIOUS_MOVE = YES;
				CLANG_WARN_UNGUARDED_AVAILABILITY = YES_AGGRESSIVE;
				CLANG_WARN_UNREACHABLE_CODE = YES;
				CLANG_WARN__DUPLICATE_METHOD_MATCH = YES;
				COPY_PHASE_STRIP = NO;
				DEBUG_INFORMATION_FORMAT = dwarf;
				ENABLE_STRICT_OBJC_MSGSEND = YES;
				ENABLE_TESTABILITY = YES;
				ENABLE_USER_SCRIPT_SANDBOXING = YES;
				GCC_C_LANGUAGE_STANDARD = gnu17;
				GCC_DYNAMIC_NO_PIC = NO;
				GCC_NO_COMMON_BLOCKS = YES;
				GCC_OPTIMIZATION_LEVEL = 0;
				GCC_PREPROCESSOR_DEFINITIONS = (
					"DEBUG=1",
					"$(inherited)",
				);
				GCC_WARN_64_TO_32_BIT_CONVERSION = YES;
				GCC_WARN_ABOUT_RETURN_TYPE = YES_ERROR;
				GCC_WARN_UNDECLARED_SELECTOR = YES;
				GCC_WARN_UNINITIALIZED_AUTOS = YES_AGGRESSIVE;
				GCC_WARN_UNUSED_FUNCTION = YES;
				GCC_WARN_UNUSED_VARIABLE = YES;
				IPHONEOS_DEPLOYMENT_TARGET = 17.5;
				LOCALIZATION_PREFERS_STRING_CATALOGS = YES;
				MTL_ENABLE_DEBUG_INFO = INCLUDE_SOURCE;
				MTL_FAST_MATH = YES;
				ONLY_ACTIVE_ARCH = YES;
				SDKROOT = iphoneos;
				SWIFT_ACTIVE_COMPILATION_CONDITIONS = "DEBUG $(inherited)";
				SWIFT_OPTIMIZATION_LEVEL = "-Onone";
			};
			name = Debug;
		};
		84616DD92C52E37500FF7466 /* Release */ = {
			isa = XCBuildConfiguration;
			buildSettings = {
				ALWAYS_SEARCH_USER_PATHS = NO;
				ASSETCATALOG_COMPILER_GENERATE_SWIFT_ASSET_SYMBOL_EXTENSIONS = YES;
				CLANG_ANALYZER_NONNULL = YES;
				CLANG_ANALYZER_NUMBER_OBJECT_CONVERSION = YES_AGGRESSIVE;
				CLANG_CXX_LANGUAGE_STANDARD = "gnu++20";
				CLANG_ENABLE_MODULES = YES;
				CLANG_ENABLE_OBJC_ARC = YES;
				CLANG_ENABLE_OBJC_WEAK = YES;
				CLANG_WARN_BLOCK_CAPTURE_AUTORELEASING = YES;
				CLANG_WARN_BOOL_CONVERSION = YES;
				CLANG_WARN_COMMA = YES;
				CLANG_WARN_CONSTANT_CONVERSION = YES;
				CLANG_WARN_DEPRECATED_OBJC_IMPLEMENTATIONS = YES;
				CLANG_WARN_DIRECT_OBJC_ISA_USAGE = YES_ERROR;
				CLANG_WARN_DOCUMENTATION_COMMENTS = YES;
				CLANG_WARN_EMPTY_BODY = YES;
				CLANG_WARN_ENUM_CONVERSION = YES;
				CLANG_WARN_INFINITE_RECURSION = YES;
				CLANG_WARN_INT_CONVERSION = YES;
				CLANG_WARN_NON_LITERAL_NULL_CONVERSION = YES;
				CLANG_WARN_OBJC_IMPLICIT_RETAIN_SELF = YES;
				CLANG_WARN_OBJC_LITERAL_CONVERSION = YES;
				CLANG_WARN_OBJC_ROOT_CLASS = YES_ERROR;
				CLANG_WARN_QUOTED_INCLUDE_IN_FRAMEWORK_HEADER = YES;
				CLANG_WARN_RANGE_LOOP_ANALYSIS = YES;
				CLANG_WARN_STRICT_PROTOTYPES = YES;
				CLANG_WARN_SUSPICIOUS_MOVE = YES;
				CLANG_WARN_UNGUARDED_AVAILABILITY = YES_AGGRESSIVE;
				CLANG_WARN_UNREACHABLE_CODE = YES;
				CLANG_WARN__DUPLICATE_METHOD_MATCH = YES;
				COPY_PHASE_STRIP = NO;
				DEBUG_INFORMATION_FORMAT = "dwarf-with-dsym";
				ENABLE_NS_ASSERTIONS = NO;
				ENABLE_STRICT_OBJC_MSGSEND = YES;
				ENABLE_USER_SCRIPT_SANDBOXING = YES;
				GCC_C_LANGUAGE_STANDARD = gnu17;
				GCC_NO_COMMON_BLOCKS = YES;
				GCC_WARN_64_TO_32_BIT_CONVERSION = YES;
				GCC_WARN_ABOUT_RETURN_TYPE = YES_ERROR;
				GCC_WARN_UNDECLARED_SELECTOR = YES;
				GCC_WARN_UNINITIALIZED_AUTOS = YES_AGGRESSIVE;
				GCC_WARN_UNUSED_FUNCTION = YES;
				GCC_WARN_UNUSED_VARIABLE = YES;
				IPHONEOS_DEPLOYMENT_TARGET = 17.5;
				LOCALIZATION_PREFERS_STRING_CATALOGS = YES;
				MTL_ENABLE_DEBUG_INFO = NO;
				MTL_FAST_MATH = YES;
				SDKROOT = iphoneos;
				SWIFT_COMPILATION_MODE = wholemodule;
				VALIDATE_PRODUCT = YES;
			};
			name = Release;
		};
		84616DDB2C52E37500FF7466 /* Debug */ = {
			isa = XCBuildConfiguration;
			buildSettings = {
				ASSETCATALOG_COMPILER_APPICON_NAME = AppIcon;
				ASSETCATALOG_COMPILER_GLOBAL_ACCENT_COLOR_NAME = AccentColor;
				CODE_SIGN_STYLE = Automatic;
				CURRENT_PROJECT_VERSION = 1;
				DEVELOPMENT_ASSET_PATHS = "\"MovieDBApp/Preview Content\"";
				DEVELOPMENT_TEAM = ZQ7FA3QJBQ;
				ENABLE_PREVIEWS = YES;
				GENERATE_INFOPLIST_FILE = YES;
				INFOPLIST_KEY_UIApplicationSceneManifest_Generation = YES;
				INFOPLIST_KEY_UIApplicationSupportsIndirectInputEvents = YES;
				INFOPLIST_KEY_UILaunchScreen_Generation = YES;
				INFOPLIST_KEY_UISupportedInterfaceOrientations_iPad = "UIInterfaceOrientationPortrait UIInterfaceOrientationPortraitUpsideDown UIInterfaceOrientationLandscapeLeft UIInterfaceOrientationLandscapeRight";
				INFOPLIST_KEY_UISupportedInterfaceOrientations_iPhone = "UIInterfaceOrientationPortrait UIInterfaceOrientationLandscapeLeft UIInterfaceOrientationLandscapeRight";
				LD_RUNPATH_SEARCH_PATHS = (
					"$(inherited)",
					"@executable_path/Frameworks",
				);
				MARKETING_VERSION = 1.0;
				PRODUCT_BUNDLE_IDENTIFIER = com.mateuszkrowczynski.MovieDBApp;
				PRODUCT_NAME = "$(TARGET_NAME)";
				SWIFT_EMIT_LOC_STRINGS = YES;
				SWIFT_VERSION = 5.0;
				TARGETED_DEVICE_FAMILY = "1,2";
			};
			name = Debug;
		};
		84616DDC2C52E37500FF7466 /* Release */ = {
			isa = XCBuildConfiguration;
			buildSettings = {
				ASSETCATALOG_COMPILER_APPICON_NAME = AppIcon;
				ASSETCATALOG_COMPILER_GLOBAL_ACCENT_COLOR_NAME = AccentColor;
				CODE_SIGN_STYLE = Automatic;
				CURRENT_PROJECT_VERSION = 1;
				DEVELOPMENT_ASSET_PATHS = "\"MovieDBApp/Preview Content\"";
				DEVELOPMENT_TEAM = ZQ7FA3QJBQ;
				ENABLE_PREVIEWS = YES;
				GENERATE_INFOPLIST_FILE = YES;
				INFOPLIST_KEY_UIApplicationSceneManifest_Generation = YES;
				INFOPLIST_KEY_UIApplicationSupportsIndirectInputEvents = YES;
				INFOPLIST_KEY_UILaunchScreen_Generation = YES;
				INFOPLIST_KEY_UISupportedInterfaceOrientations_iPad = "UIInterfaceOrientationPortrait UIInterfaceOrientationPortraitUpsideDown UIInterfaceOrientationLandscapeLeft UIInterfaceOrientationLandscapeRight";
				INFOPLIST_KEY_UISupportedInterfaceOrientations_iPhone = "UIInterfaceOrientationPortrait UIInterfaceOrientationLandscapeLeft UIInterfaceOrientationLandscapeRight";
				LD_RUNPATH_SEARCH_PATHS = (
					"$(inherited)",
					"@executable_path/Frameworks",
				);
				MARKETING_VERSION = 1.0;
				PRODUCT_BUNDLE_IDENTIFIER = com.mateuszkrowczynski.MovieDBApp;
				PRODUCT_NAME = "$(TARGET_NAME)";
				SWIFT_EMIT_LOC_STRINGS = YES;
				SWIFT_VERSION = 5.0;
				TARGETED_DEVICE_FAMILY = "1,2";
			};
			name = Release;
		};
/* End XCBuildConfiguration section */

/* Begin XCConfigurationList section */
		84616DC72C52E37400FF7466 /* Build configuration list for PBXProject "MovieDBApp" */ = {
			isa = XCConfigurationList;
			buildConfigurations = (
				84616DD82C52E37500FF7466 /* Debug */,
				84616DD92C52E37500FF7466 /* Release */,
			);
			defaultConfigurationIsVisible = 0;
			defaultConfigurationName = Release;
		};
		84616DDA2C52E37500FF7466 /* Build configuration list for PBXNativeTarget "MovieDBApp" */ = {
			isa = XCConfigurationList;
			buildConfigurations = (
				84616DDB2C52E37500FF7466 /* Debug */,
				84616DDC2C52E37500FF7466 /* Release */,
			);
			defaultConfigurationIsVisible = 0;
			defaultConfigurationName = Release;
		};
/* End XCConfigurationList section */

/* Begin XCRemoteSwiftPackageReference section */
		84EDE79B2C54026D00481D2E /* XCRemoteSwiftPackageReference "SDWebImageSwiftUI" */ = {
			isa = XCRemoteSwiftPackageReference;
			repositoryURL = "https://github.com/SDWebImage/SDWebImageSwiftUI.git";
			requirement = {
				kind = upToNextMajorVersion;
				minimumVersion = 3.1.1;
			};
		};
/* End XCRemoteSwiftPackageReference section */

/* Begin XCSwiftPackageProductDependency section */
		84EDE79C2C54026D00481D2E /* SDWebImageSwiftUI */ = {
			isa = XCSwiftPackageProductDependency;
			package = 84EDE79B2C54026D00481D2E /* XCRemoteSwiftPackageReference "SDWebImageSwiftUI" */;
			productName = SDWebImageSwiftUI;
		};
/* End XCSwiftPackageProductDependency section */
	};
	rootObject = 84616DC42C52E37400FF7466 /* Project object */;
}
